Microsoft Visual Studio Solution File, Format Version 11.00
# Visual Studio 2010
Project("{2150E333-8FDC-42A3-9474-1A3956D46DE8}") = "(allocator)", "..\..\..\base\allocator", "{6478B9F3-4858-63F4-35F4-98A303E305F3}"
EndProject
Project("{2150E333-8FDC-42A3-9474-1A3956D46DE8}") = "(base)", "..\..\..\base", "{9785FB75-982A-5DE3-252D-3F288B9FEF5B}"
EndProject
Project("{2150E333-8FDC-42A3-9474-1A3956D46DE8}") = "(testing)", "..\..\..\testing", "{EAC80D00-01D2-3F49-A377-20B7154947F3}"
EndProject
Project("{2150E333-8FDC-42A3-9474-1A3956D46DE8}") = "(third_party)", "..\..\..\base\third_party", "{3E7FA5AF-27B3-2DE0-883C-12F98E7F4E81}"
EndProject
Project("{2150E333-8FDC-42A3-9474-1A3956D46DE8}") = "(third_party)", "..\..\..\third_party", "{89C816A7-DD31-D54C-C69C-5A80E0C49B77}"
EndProject
Project("{8BC9CEB8-8B4A-11D0-8D11-00A0C91BC942}") = "allocator", "allocator.vcxproj", "{C4A6B389-C154-7AE4-2CEF-A72F2D60A594}"
	ProjectSection(ProjectDependencies) = postProject
		{8570987F-415D-AAB3-3638-9F390588863A} = {8570987F-415D-AAB3-3638-9F390588863A}
	EndProjectSection
EndProject
Project("{8BC9CEB8-8B4A-11D0-8D11-00A0C91BC942}") = "allocator_extension_thunks", "allocator_extension_thunks.vcxproj", "{0AB160A5-F55F-5E37-B0C2-4AFE3B5E5AE1}"
EndProject
Project("{8BC9CEB8-8B4A-11D0-8D11-00A0C91BC942}") = "allocator_extension_thunks_win64", "allocator_extension_thunks_win64.vcxproj", "{CCA1D0CB-C63A-1CCA-CE74-C2FE3DBEB8A0}"
EndProject
Project("{8BC9CEB8-8B4A-11D0-8D11-00A0C91BC942}") = "allocator_unittests", "allocator_unittests.vcxproj", "{FE9AD7F9-18B4-900D-616E-3DA5AD8BFC4C}"
	ProjectSection(ProjectDependencies) = postProject
		{C4A6B389-C154-7AE4-2CEF-A72F2D60A594} = {C4A6B389-C154-7AE4-2CEF-A72F2D60A594}
		{0AB160A5-F55F-5E37-B0C2-4AFE3B5E5AE1} = {0AB160A5-F55F-5E37-B0C2-4AFE3B5E5AE1}
		{37EF9A63-DD88-CB47-734E-4215C81DFB33} = {37EF9A63-DD88-CB47-734E-4215C81DFB33}
		{A41AE2A0-210B-8030-9C56-F89990EE7D74} = {A41AE2A0-210B-8030-9C56-F89990EE7D74}
		{8570987F-415D-AAB3-3638-9F390588863A} = {8570987F-415D-AAB3-3638-9F390588863A}
		{D9356CA8-2A31-7BD8-4539-9F18C1C8645F} = {D9356CA8-2A31-7BD8-4539-9F18C1C8645F}
	EndProjectSection
EndProject
Project("{8BC9CEB8-8B4A-11D0-8D11-00A0C91BC942}") = "base", "..\base.vcxproj", "{6DF156E8-5FA7-C58E-D30B-16F82DB8E9CB}"
	ProjectSection(ProjectDependencies) = postProject
		{D9356CA8-2A31-7BD8-4539-9F18C1C8645F} = {D9356CA8-2A31-7BD8-4539-9F18C1C8645F}
	EndProjectSection
EndProject
Project("{8BC9CEB8-8B4A-11D0-8D11-00A0C91BC942}") = "base_static", "..\base_static.vcxproj", "{48BD75E2-5AC0-6645-007F-A6BEF5A0D2AA}"
EndProject
Project("{8BC9CEB8-8B4A-11D0-8D11-00A0C91BC942}") = "dynamic_annotations", "..\third_party\dynamic_annotations\dynamic_annotations.vcxproj", "{A41AE2A0-210B-8030-9C56-F89990EE7D74}"
EndProject
Project("{8BC9CEB8-8B4A-11D0-8D11-00A0C91BC942}") = "gtest", "..\..\testing\gtest.vcxproj", "{37EF9A63-DD88-CB47-734E-4215C81DFB33}"
	ProjectSection(ProjectDependencies) = postProject
		{D9356CA8-2A31-7BD8-4539-9F18C1C8645F} = {D9356CA8-2A31-7BD8-4539-9F18C1C8645F}
	EndProjectSection
EndProject
Project("{8BC9CEB8-8B4A-11D0-8D11-00A0C91BC942}") = "gtest_prod", "..\..\testing\gtest_prod.vcxproj", "{D9356CA8-2A31-7BD8-4539-9F18C1C8645F}"
EndProject
Project("{8BC9CEB8-8B4A-11D0-8D11-00A0C91BC942}") = "libcmt", "libcmt.vcxproj", "{8570987F-415D-AAB3-3638-9F390588863A}"
EndProject
Project("{8BC9CEB8-8B4A-11D0-8D11-00A0C91BC942}") = "modp_b64", "..\..\third_party\modp_b64\modp_b64.vcxproj", "{0989926E-CF23-E2FB-5582-16A16EC4B119}"
EndProject
Project("{8BC9CEB8-8B4A-11D0-8D11-00A0C91BC942}") = "tcmalloc_unittest", "tcmalloc_unittest.vcxproj", "{9F5B0E04-365B-D416-22B3-EB60943804AE}"
	ProjectSection(ProjectDependencies) = postProject
		{37EF9A63-DD88-CB47-734E-4215C81DFB33} = {37EF9A63-DD88-CB47-734E-4215C81DFB33}
		{6DF156E8-5FA7-C58E-D30B-16F82DB8E9CB} = {6DF156E8-5FA7-C58E-D30B-16F82DB8E9CB}
		{C4A6B389-C154-7AE4-2CEF-A72F2D60A594} = {C4A6B389-C154-7AE4-2CEF-A72F2D60A594}
		{D9356CA8-2A31-7BD8-4539-9F18C1C8645F} = {D9356CA8-2A31-7BD8-4539-9F18C1C8645F}
		{48BD75E2-5AC0-6645-007F-A6BEF5A0D2AA} = {48BD75E2-5AC0-6645-007F-A6BEF5A0D2AA}
		{0AB160A5-F55F-5E37-B0C2-4AFE3B5E5AE1} = {0AB160A5-F55F-5E37-B0C2-4AFE3B5E5AE1}
		{0989926E-CF23-E2FB-5582-16A16EC4B119} = {0989926E-CF23-E2FB-5582-16A16EC4B119}
		{A41AE2A0-210B-8030-9C56-F89990EE7D74} = {A41AE2A0-210B-8030-9C56-F89990EE7D74}
		{8570987F-415D-AAB3-3638-9F390588863A} = {8570987F-415D-AAB3-3638-9F390588863A}
	EndProjectSection
EndProject
Global
	GlobalSection(SolutionConfigurationPlatforms) = preSolution
		Release|x64 = Release|x64
		Debug|Win32 = Debug|Win32
		Debug|x64 = Debug|x64
		Release|Win32 = Release|Win32
	EndGlobalSection
	GlobalSection(ProjectConfigurationPlatforms) = postSolution
		{0989926E-CF23-E2FB-5582-16A16EC4B119}.Release|x64.ActiveCfg = Release|x64
		{0989926E-CF23-E2FB-5582-16A16EC4B119}.Release|x64.Build.0 = Release|x64
		{0989926E-CF23-E2FB-5582-16A16EC4B119}.Debug|Win32.ActiveCfg = Debug|Win32
		{0989926E-CF23-E2FB-5582-16A16EC4B119}.Debug|Win32.Build.0 = Debug|Win32
		{0989926E-CF23-E2FB-5582-16A16EC4B119}.Debug|x64.ActiveCfg = Debug|x64
		{0989926E-CF23-E2FB-5582-16A16EC4B119}.Debug|x64.Build.0 = Debug|x64
		{0989926E-CF23-E2FB-5582-16A16EC4B119}.Release|Win32.ActiveCfg = Release|Win32
		{0989926E-CF23-E2FB-5582-16A16EC4B119}.Release|Win32.Build.0 = Release|Win32
		{0AB160A5-F55F-5E37-B0C2-4AFE3B5E5AE1}.Release|x64.ActiveCfg = Release|x64
		{0AB160A5-F55F-5E37-B0C2-4AFE3B5E5AE1}.Release|x64.Build.0 = Release|x64
		{0AB160A5-F55F-5E37-B0C2-4AFE3B5E5AE1}.Debug|Win32.ActiveCfg = Debug|Win32
		{0AB160A5-F55F-5E37-B0C2-4AFE3B5E5AE1}.Debug|Win32.Build.0 = Debug|Win32
		{0AB160A5-F55F-5E37-B0C2-4AFE3B5E5AE1}.Debug|x64.ActiveCfg = Debug|x64
		{0AB160A5-F55F-5E37-B0C2-4AFE3B5E5AE1}.Debug|x64.Build.0 = Debug|x64
		{0AB160A5-F55F-5E37-B0C2-4AFE3B5E5AE1}.Release|Win32.ActiveCfg = Release|Win32
		{0AB160A5-F55F-5E37-B0C2-4AFE3B5E5AE1}.Release|Win32.Build.0 = Release|Win32
		{37EF9A63-DD88-CB47-734E-4215C81DFB33}.Release|x64.ActiveCfg = Release|x64
		{37EF9A63-DD88-CB47-734E-4215C81DFB33}.Release|x64.Build.0 = Release|x64
		{37EF9A63-DD88-CB47-734E-4215C81DFB33}.Debug|Win32.ActiveCfg = Debug|Win32
		{37EF9A63-DD88-CB47-734E-4215C81DFB33}.Debug|Win32.Build.0 = Debug|Win32
		{37EF9A63-DD88-CB47-734E-4215C81DFB33}.Debug|x64.ActiveCfg = Debug|x64
		{37EF9A63-DD88-CB47-734E-4215C81DFB33}.Debug|x64.Build.0 = Debug|x64
		{37EF9A63-DD88-CB47-734E-4215C81DFB33}.Release|Win32.ActiveCfg = Release|Win32
		{37EF9A63-DD88-CB47-734E-4215C81DFB33}.Release|Win32.Build.0 = Release|Win32
		{48BD75E2-5AC0-6645-007F-A6BEF5A0D2AA}.Release|x64.ActiveCfg = Release|x64
		{48BD75E2-5AC0-6645-007F-A6BEF5A0D2AA}.Release|x64.Build.0 = Release|x64
		{48BD75E2-5AC0-6645-007F-A6BEF5A0D2AA}.Debug|Win32.ActiveCfg = Debug|Win32
		{48BD75E2-5AC0-6645-007F-A6BEF5A0D2AA}.Debug|Win32.Build.0 = Debug|Win32
		{48BD75E2-5AC0-6645-007F-A6BEF5A0D2AA}.Debug|x64.ActiveCfg = Debug|x64
		{48BD75E2-5AC0-6645-007F-A6BEF5A0D2AA}.Debug|x64.Build.0 = Debug|x64
		{48BD75E2-5AC0-6645-007F-A6BEF5A0D2AA}.Release|Win32.ActiveCfg = Release|Win32
		{48BD75E2-5AC0-6645-007F-A6BEF5A0D2AA}.Release|Win32.Build.0 = Release|Win32
		{6DF156E8-5FA7-C58E-D30B-16F82DB8E9CB}.Release|x64.ActiveCfg = Release|x64
		{6DF156E8-5FA7-C58E-D30B-16F82DB8E9CB}.Release|x64.Build.0 = Release|x64
		{6DF156E8-5FA7-C58E-D30B-16F82DB8E9CB}.Debug|Win32.ActiveCfg = Debug|Win32
		{6DF156E8-5FA7-C58E-D30B-16F82DB8E9CB}.Debug|Win32.Build.0 = Debug|Win32
		{6DF156E8-5FA7-C58E-D30B-16F82DB8E9CB}.Debug|x64.ActiveCfg = Debug|x64
		{6DF156E8-5FA7-C58E-D30B-16F82DB8E9CB}.Debug|x64.Build.0 = Debug|x64
		{6DF156E8-5FA7-C58E-D30B-16F82DB8E9CB}.Release|Win32.ActiveCfg = Release|Win32
		{6DF156E8-5FA7-C58E-D30B-16F82DB8E9CB}.Release|Win32.Build.0 = Release|Win32
		{8570987F-415D-AAB3-3638-9F390588863A}.Release|x64.ActiveCfg = Release|x64
		{8570987F-415D-AAB3-3638-9F390588863A}.Release|x64.Build.0 = Release|x64
		{8570987F-415D-AAB3-3638-9F390588863A}.Debug|Win32.ActiveCfg = Debug|Win32
		{8570987F-415D-AAB3-3638-9F390588863A}.Debug|Win32.Build.0 = Debug|Win32
		{8570987F-415D-AAB3-3638-9F390588863A}.Debug|x64.ActiveCfg = Debug|x64
		{8570987F-415D-AAB3-3638-9F390588863A}.Debug|x64.Build.0 = Debug|x64
		{8570987F-415D-AAB3-3638-9F390588863A}.Release|Win32.ActiveCfg = Release|Win32
		{8570987F-415D-AAB3-3638-9F390588863A}.Release|Win32.Build.0 = Release|Win32
		{9F5B0E04-365B-D416-22B3-EB60943804AE}.Release|x64.ActiveCfg = Release|x64
		{9F5B0E04-365B-D416-22B3-EB60943804AE}.Release|x64.Build.0 = Release|x64
		{9F5B0E04-365B-D416-22B3-EB60943804AE}.Debug|Win32.ActiveCfg = Debug|Win32
		{9F5B0E04-365B-D416-22B3-EB60943804AE}.Debug|Win32.Build.0 = Debug|Win32
		{9F5B0E04-365B-D416-22B3-EB60943804AE}.Debug|x64.ActiveCfg = Debug|x64
		{9F5B0E04-365B-D416-22B3-EB60943804AE}.Debug|x64.Build.0 = Debug|x64
		{9F5B0E04-365B-D416-22B3-EB60943804AE}.Release|Win32.ActiveCfg = Release|Win32
		{9F5B0E04-365B-D416-22B3-EB60943804AE}.Release|Win32.Build.0 = Release|Win32
		{A41AE2A0-210B-8030-9C56-F89990EE7D74}.Release|x64.ActiveCfg = Release|x64
		{A41AE2A0-210B-8030-9C56-F89990EE7D74}.Release|x64.Build.0 = Release|x64
		{A41AE2A0-210B-8030-9C56-F89990EE7D74}.Debug|Win32.ActiveCfg = Debug|Win32
		{A41AE2A0-210B-8030-9C56-F89990EE7D74}.Debug|Win32.Build.0 = Debug|Win32
		{A41AE2A0-210B-8030-9C56-F89990EE7D74}.Debug|x64.ActiveCfg = Debug|x64
		{A41AE2A0-210B-8030-9C56-F89990EE7D74}.Debug|x64.Build.0 = Debug|x64
		{A41AE2A0-210B-8030-9C56-F89990EE7D74}.Release|Win32.ActiveCfg = Release|Win32
		{A41AE2A0-210B-8030-9C56-F89990EE7D74}.Release|Win32.Build.0 = Release|Win32
		{C4A6B389-C154-7AE4-2CEF-A72F2D60A594}.Release|x64.ActiveCfg = Release|x64
		{C4A6B389-C154-7AE4-2CEF-A72F2D60A594}.Release|x64.Build.0 = Release|x64
		{C4A6B389-C154-7AE4-2CEF-A72F2D60A594}.Debug|Win32.ActiveCfg = Debug|Win32
		{C4A6B389-C154-7AE4-2CEF-A72F2D60A594}.Debug|Win32.Build.0 = Debug|Win32
		{C4A6B389-C154-7AE4-2CEF-A72F2D60A594}.Debug|x64.ActiveCfg = Debug|x64
		{C4A6B389-C154-7AE4-2CEF-A72F2D60A594}.Debug|x64.Build.0 = Debug|x64
		{C4A6B389-C154-7AE4-2CEF-A72F2D60A594}.Release|Win32.ActiveCfg = Release|Win32
		{C4A6B389-C154-7AE4-2CEF-A72F2D60A594}.Release|Win32.Build.0 = Release|Win32
		{CCA1D0CB-C63A-1CCA-CE74-C2FE3DBEB8A0}.Release|x64.ActiveCfg = Release|x64
		{CCA1D0CB-C63A-1CCA-CE74-C2FE3DBEB8A0}.Release|x64.Build.0 = Release|x64
		{CCA1D0CB-C63A-1CCA-CE74-C2FE3DBEB8A0}.Debug|Win32.ActiveCfg = Debug|x64
		{CCA1D0CB-C63A-1CCA-CE74-C2FE3DBEB8A0}.Debug|Win32.Build.0 = Debug|x64
		{CCA1D0CB-C63A-1CCA-CE74-C2FE3DBEB8A0}.Debug|x64.ActiveCfg = Debug|x64
		{CCA1D0CB-C63A-1CCA-CE74-C2FE3DBEB8A0}.Debug|x64.Build.0 = Debug|x64
		{CCA1D0CB-C63A-1CCA-CE74-C2FE3DBEB8A0}.Release|Win32.ActiveCfg = Release|x64
		{CCA1D0CB-C63A-1CCA-CE74-C2FE3DBEB8A0}.Release|Win32.Build.0 = Release|x64
		{D9356CA8-2A31-7BD8-4539-9F18C1C8645F}.Release|x64.ActiveCfg = Release|x64
		{D9356CA8-2A31-7BD8-4539-9F18C1C8645F}.Release|x64.Build.0 = Release|x64
		{D9356CA8-2A31-7BD8-4539-9F18C1C8645F}.Debug|Win32.ActiveCfg = Debug|Win32
		{D9356CA8-2A31-7BD8-4539-9F18C1C8645F}.Debug|Win32.Build.0 = Debug|Win32
		{D9356CA8-2A31-7BD8-4539-9F18C1C8645F}.Debug|x64.ActiveCfg = Debug|x64
		{D9356CA8-2A31-7BD8-4539-9F18C1C8645F}.Debug|x64.Build.0 = Debug|x64
		{D9356CA8-2A31-7BD8-4539-9F18C1C8645F}.Release|Win32.ActiveCfg = Release|Win32
		{D9356CA8-2A31-7BD8-4539-9F18C1C8645F}.Release|Win32.Build.0 = Release|Win32
		{FE9AD7F9-18B4-900D-616E-3DA5AD8BFC4C}.Release|x64.ActiveCfg = Release|x64
		{FE9AD7F9-18B4-900D-616E-3DA5AD8BFC4C}.Release|x64.Build.0 = Release|x64
		{FE9AD7F9-18B4-900D-616E-3DA5AD8BFC4C}.Debug|Win32.ActiveCfg = Debug|Win32
		{FE9AD7F9-18B4-900D-616E-3DA5AD8BFC4C}.Debug|Win32.Build.0 = Debug|Win32
		{FE9AD7F9-18B4-900D-616E-3DA5AD8BFC4C}.Debug|x64.ActiveCfg = Debug|x64
		{FE9AD7F9-18B4-900D-616E-3DA5AD8BFC4C}.Debug|x64.Build.0 = Debug|x64
		{FE9AD7F9-18B4-900D-616E-3DA5AD8BFC4C}.Release|Win32.ActiveCfg = Release|Win32
		{FE9AD7F9-18B4-900D-616E-3DA5AD8BFC4C}.Release|Win32.Build.0 = Release|Win32
	EndGlobalSection
	GlobalSection(SolutionProperties) = preSolution
		HideSolutionNode = FALSE
	EndGlobalSection
	GlobalSection(NestedProjects) = preSolution
		{C4A6B389-C154-7AE4-2CEF-A72F2D60A594} = {6478B9F3-4858-63F4-35F4-98A303E305F3}
		{0AB160A5-F55F-5E37-B0C2-4AFE3B5E5AE1} = {6478B9F3-4858-63F4-35F4-98A303E305F3}
		{CCA1D0CB-C63A-1CCA-CE74-C2FE3DBEB8A0} = {6478B9F3-4858-63F4-35F4-98A303E305F3}
		{FE9AD7F9-18B4-900D-616E-3DA5AD8BFC4C} = {6478B9F3-4858-63F4-35F4-98A303E305F3}
		{8570987F-415D-AAB3-3638-9F390588863A} = {6478B9F3-4858-63F4-35F4-98A303E305F3}
		{9F5B0E04-365B-D416-22B3-EB60943804AE} = {6478B9F3-4858-63F4-35F4-98A303E305F3}
		{6478B9F3-4858-63F4-35F4-98A303E305F3} = {9785FB75-982A-5DE3-252D-3F288B9FEF5B}
		{3E7FA5AF-27B3-2DE0-883C-12F98E7F4E81} = {9785FB75-982A-5DE3-252D-3F288B9FEF5B}
		{6DF156E8-5FA7-C58E-D30B-16F82DB8E9CB} = {9785FB75-982A-5DE3-252D-3F288B9FEF5B}
		{48BD75E2-5AC0-6645-007F-A6BEF5A0D2AA} = {9785FB75-982A-5DE3-252D-3F288B9FEF5B}
		{37EF9A63-DD88-CB47-734E-4215C81DFB33} = {EAC80D00-01D2-3F49-A377-20B7154947F3}
		{D9356CA8-2A31-7BD8-4539-9F18C1C8645F} = {EAC80D00-01D2-3F49-A377-20B7154947F3}
		{A41AE2A0-210B-8030-9C56-F89990EE7D74} = {3E7FA5AF-27B3-2DE0-883C-12F98E7F4E81}
		{0989926E-CF23-E2FB-5582-16A16EC4B119} = {89C816A7-DD31-D54C-C69C-5A80E0C49B77}
	EndGlobalSection
EndGlobal
